<?xml version="1.0" encoding="utf-8"?>
<Project ToolsVersion="4.0" xmlns="http://schemas.microsoft.com/developer/msbuild/2003">
  <ItemGroup>
    <Filter Include="Source Files">
      <UniqueIdentifier>{4FC737F1-C7A5-4376-A066-2A32D752A2FF}</UniqueIdentifier>
      <Extensions>cpp;c;cc;cxx;def;odl;idl;hpj;bat;asm;asmx</Extensions>
    </Filter>
    <Filter Include="Header Files">
      <UniqueIdentifier>{93995380-89BD-4b04-88EB-625FBE52EBFB}</UniqueIdentifier>
      <Extensions>h;hh;hpp;hxx;hm;inl;inc;ipp;xsd</Extensions>
    </Filter>
    <Filter Include="Resource Files">
      <UniqueIdentifier>{67DA6AB6-F800-4c08-8B7A-83BB121AAD01}</UniqueIdentifier>
      <Extensions>rc;ico;cur;bmp;dlg;rc2;rct;bin;rgs;gif;jpg;jpeg;jpe;resx;tiff;tif;png;wav;mfcribbon-ms</Extensions>
    </Filter>
    <Filter Include="Header Files\Patches">
      <UniqueIdentifier>{8a04526c-a55d-40a7-a3a2-4cb4f33322af}</UniqueIdentifier>
    </Filter>
    <Filter Include="Source Files\Patches">
      <UniqueIdentifier>{20e1c0b1-e5cc-4375-8d84-adf5959fde98}</UniqueIdentifier>
    </Filter>
  </ItemGroup>
  <ItemGroup>
    <ClInclude Include="FlashManager.h">
      <Filter>Header Files</Filter>
    </ClInclude>
    <ClInclude Include="mswsock.h">
      <Filter>Header Files</Filter>
    </ClInclude>
    <ClInclude Include="Patch.h">
      <Filter>Header Files</Filter>
    </ClInclude>
    <ClInclude Include="PatchManager.h">
      <Filter>Header Files</Filter>
    </ClInclude>
    <ClInclude Include="PatternFinder.h">
      <Filter>Header Files</Filter>
    </ClInclude>
    <ClInclude Include="AutoRunPatch.h">
      <Filter>Header Files\Patches</Filter>
    </ClInclude>
    <ClInclude Include="FlashOnMessagePatch.h">
      <Filter>Header Files\Patches</Filter>
    </ClInclude>
    <ClInclude Include="LargeAddressAwarePatch.h">
      <Filter>Header Files\Patches</Filter>
    </ClInclude>
    <ClInclude Include="FramecapPatch.h">
      <Filter>Header Files\Patches</Filter>
    </ClInclude>
    <ClInclude Include="NumpadTypePatch.h">
      <Filter>Header Files\Patches</Filter>
    </ClInclude>
    <ClInclude Include="XButtonDoubleClickPatch.h">
      <Filter>Header Files\Patches</Filter>
    </ClInclude>
    <ClInclude Include="AutoOpenTextPatch.h">
      <Filter>Header Files\Patches</Filter>
    </ClInclude>
    <ClInclude Include="TabFilterPatch.h">
      <Filter>Header Files\Patches</Filter>
    </ClInclude>
    <ClInclude Include="SmartReplyPatch.h">
      <Filter>Header Files\Patches</Filter>
    </ClInclude>
    <ClInclude Include="CommaGMIPatch.h">
      <Filter>Header Files\Patches</Filter>
    </ClInclude>
    <ClInclude Include="DataTypes.h">
      <Filter>Header Files</Filter>
    </ClInclude>
    <ClInclude Include="Utils.h">
      <Filter>Header Files</Filter>
    </ClInclude>
    <ClInclude Include="SimpleIni.h">
      <Filter>Header Files</Filter>
    </ClInclude>
    <ClInclude Include="ConfigurationHolder.h">
      <Filter>Header Files</Filter>
    </ClInclude>
    <ClInclude Include="CommandInterpreter.h">
      <Filter>Header Files\Patches</Filter>
    </ClInclude>
    <ClInclude Include="ViewDistancePatch.h">
      <Filter>Header Files\Patches</Filter>
    </ClInclude>
  </ItemGroup>
  <ItemGroup>
    <ClCompile Include="dllmain.cpp">
      <Filter>Source Files</Filter>
    </ClCompile>
    <ClCompile Include="FlashManager.cpp">
      <Filter>Source Files</Filter>
    </ClCompile>
    <ClCompile Include="mswsock.cpp">
      <Filter>Source Files</Filter>
    </ClCompile>
    <ClCompile Include="Patch.cpp">
      <Filter>Source Files</Filter>
    </ClCompile>
    <ClCompile Include="PatchManager.cpp">
      <Filter>Source Files</Filter>
    </ClCompile>
    <ClCompile Include="PatternFinder.cpp">
      <Filter>Source Files</Filter>
    </ClCompile>
    <ClCompile Include="AutoRunPatch.cpp">
      <Filter>Source Files\Patches</Filter>
    </ClCompile>
    <ClCompile Include="FlashOnMessagePatch.cpp">
      <Filter>Source Files\Patches</Filter>
    </ClCompile>
    <ClCompile Include="FramecapPatch.cpp">
      <Filter>Source Files\Patches</Filter>
    </ClCompile>
    <ClCompile Include="LargeAddressAwarePatch.cpp">
      <Filter>Source Files\Patches</Filter>
    </ClCompile>
    <ClCompile Include="NumpadTypePatch.cpp">
      <Filter>Source Files\Patches</Filter>
    </ClCompile>
    <ClCompile Include="XButtonDoubleClickPatch.cpp">
      <Filter>Source Files\Patches</Filter>
    </ClCompile>
    <ClCompile Include="AutoOpenTextPatch.cpp">
      <Filter>Source Files\Patches</Filter>
    </ClCompile>
    <ClCompile Include="TabFilterPatch.cpp">
      <Filter>Source Files\Patches</Filter>
    </ClCompile>
    <ClCompile Include="SmartReplyPatch.cpp">
      <Filter>Source Files\Patches</Filter>
    </ClCompile>
    <ClCompile Include="CommaGMIPatch.cpp">
      <Filter>Source Files\Patches</Filter>
    </ClCompile>
    <ClCompile Include="Utils.cpp">
      <Filter>Source Files</Filter>
    </ClCompile>
    <ClCompile Include="ConfigurationHolder.cpp">
      <Filter>Source Files</Filter>
    </ClCompile>
    <ClCompile Include="CommandInterpreter.cpp">
      <Filter>Source Files\Patches</Filter>
    </ClCompile>
    <ClCompile Include="ViewDistancePatch.cpp">
      <Filter>Source Files</Filter>
    </ClCompile>
  </ItemGroup>
  <ItemGroup>
    <None Include="Exports.def">
      <Filter>Source Files</Filter>
    </None>
  </ItemGroup>
</Project>